
Microsoft Visual Studio Solution File, Format Version 12.00
# Visual Studio Version 17
VisualStudioVersion = 17.11.34909.67
MinimumVisualStudioVersion = 10.0.40219.1
Project("{FAE04EC0-301F-11D3-BF4B-00C04F79EFBC}") = "dotnet-graphql", "dotnet-graphql\dotnet-graphql.csproj", "{B04FD7D2-FD3D-4B0B-B3B7-9067AA1D4521}"
EndProject
Global
	GlobalSection(SolutionConfigurationPlatforms) = preSolution
		Debug|Any CPU = Debug|Any CPU
		Release|Any CPU = Release|Any CPU
	EndGlobalSection
	GlobalSection(ProjectConfigurationPlatforms) = postSolution
		{B04FD7D2-FD3D-4B0B-B3B7-9067AA1D4521}.Debug|Any CPU.ActiveCfg = Debug|Any CPU
		{B04FD7D2-FD3D-4B0B-B3B7-9067AA1D4521}.Debug|Any CPU.Build.0 = Debug|Any CPU
		{B04FD7D2-FD3D-4B0B-B3B7-9067AA1D4521}.Release|Any CPU.ActiveCfg = Release|Any CPU
		{B04FD7D2-FD3D-4B0B-B3B7-9067AA1D4521}.Release|Any CPU.Build.0 = Release|Any CPU
	EndGlobalSection
	GlobalSection(SolutionProperties) = preSolution
		HideSolutionNode = FALSE
	EndGlobalSection
	GlobalSection(ExtensibilityGlobals) = postSolution
		SolutionGuid = {124EE27C-F5AF-4747-9BC0-9EF344FA2C22}
	EndGlobalSection
EndGlobal
